{
  "version": 4,
  "terraform_version": "1.4.4",
  "serial": 66,
  "lineage": "24b10ace-8382-2e7e-cb71-f60efacb2a13",
  "outputs": {
    "service_url": {
      "value": "https://test-app-tj5x6xifqa-no.a.run.app/health",
      "type": "string"
    }
  },
  "resources": [
    {
      "mode": "managed",
      "type": "google_cloud_run_service",
      "name": "test-app-devops-challenge",
      "provider": "provider[\"registry.terraform.io/hashicorp/google\"]",
      "instances": [
        {
          "schema_version": 1,
          "attributes": {
            "autogenerate_revision_name": false,
            "id": "locations/europe-southwest1/namespaces/inbound-descent-382406/services/test-app",
            "location": "europe-southwest1",
            "metadata": [
              {
                "annotations": {
                  "run.googleapis.com/ingress": "all",
                  "run.googleapis.com/ingress-status": "all",
                  "run.googleapis.com/operation-id": "4824fc70-3817-42ba-92e0-a95ddb4b3e16",
                  "serving.knative.dev/creator": "aitor.velazquez@gmail.com",
                  "serving.knative.dev/lastModifier": "aitor.velazquez@gmail.com"
                },
                "generation": 3,
                "labels": {
                  "cloud.googleapis.com/location": "europe-southwest1"
                },
                "namespace": "inbound-descent-382406",
                "resource_version": "AAX4bIO64SI",
                "self_link": "/apis/serving.knative.dev/v1/namespaces/947883954002/services/test-app",
                "uid": "98d23b2f-34e0-4760-8126-9155d7fcc5b8"
              }
            ],
            "name": "test-app",
            "project": "inbound-descent-382406",
            "status": [
              {
                "conditions": [
                  {
                    "message": "",
                    "reason": "",
                    "status": "True",
                    "type": "Ready"
                  },
                  {
                    "message": "",
                    "reason": "",
                    "status": "True",
                    "type": "ConfigurationsReady"
                  },
                  {
                    "message": "",
                    "reason": "",
                    "status": "True",
                    "type": "RoutesReady"
                  }
                ],
                "latest_created_revision_name": "test-app-2vxj6",
                "latest_ready_revision_name": "test-app-2vxj6",
                "observed_generation": 3,
                "url": "https://test-app-tj5x6xifqa-no.a.run.app"
              }
            ],
            "template": [
              {
                "metadata": [
                  {
                    "annotations": {
                      "autoscaling.knative.dev/maxScale": "2",
                      "run.googleapis.com/vpc-access-connector": "vpc-ac-devops-challenge",
                      "run.googleapis.com/vpc-access-egress": "all-traffic"
                    },
                    "generation": 0,
                    "labels": {},
                    "name": "",
                    "namespace": "",
                    "resource_version": "",
                    "self_link": "",
                    "uid": ""
                  }
                ],
                "spec": [
                  {
                    "container_concurrency": 80,
                    "containers": [
                      {
                        "args": [],
                        "command": [],
                        "env": [
                          {
                            "name": "POSTGRESQL_HOST",
                            "value": "10.74.0.3",
                            "value_from": []
                          },
                          {
                            "name": "POSTGRESQL_USER",
                            "value": "db-test-app-user",
                            "value_from": []
                          }
                        ],
                        "env_from": [],
                        "image": "us-central1-docker.pkg.dev/inbound-descent-382406/devops-challenge/test-app:1.0",
                        "ports": [
                          {
                            "container_port": 8080,
                            "name": "http1",
                            "protocol": ""
                          }
                        ],
                        "resources": [
                          {
                            "limits": {
                              "cpu": "1000m",
                              "memory": "512Mi"
                            },
                            "requests": {}
                          }
                        ],
                        "volume_mounts": [],
                        "working_dir": ""
                      }
                    ],
                    "service_account_name": "947883954002-compute@developer.gserviceaccount.com",
                    "serving_state": "",
                    "timeout_seconds": 300,
                    "volumes": []
                  }
                ]
              }
            ],
            "timeouts": null,
            "traffic": [
              {
                "latest_revision": true,
                "percent": 100,
                "revision_name": "",
                "tag": "",
                "url": ""
              }
            ]
          },
          "sensitive_attributes": [],
          "private": "eyJlMmJmYjczMC1lY2FhLTExZTYtOGY4OC0zNDM2M2JjN2M0YzAiOnsiY3JlYXRlIjoxMjAwMDAwMDAwMDAwLCJkZWxldGUiOjEyMDAwMDAwMDAwMDAsInVwZGF0ZSI6MTIwMDAwMDAwMDAwMH0sInNjaGVtYV92ZXJzaW9uIjoiMSJ9",
          "dependencies": [
            "google_compute_subnetwork.vpc-subnet",
            "google_project_service.enable_run_api",
            "google_project_service.enable_vpcaccess-api",
            "google_sql_database_instance.gcp_sql_postgres",
            "google_sql_user.user",
            "module.serverless-connector.google_vpc_access_connector.connector_beta"
          ]
        }
      ]
    },
    {
      "mode": "managed",
      "type": "google_cloud_run_service_iam_member",
      "name": "run_all_users",
      "provider": "provider[\"registry.terraform.io/hashicorp/google\"]",
      "instances": [
        {
          "schema_version": 0,
          "attributes": {
            "condition": [],
            "etag": "BwX4bHEYp+w=",
            "id": "v1/projects/inbound-descent-382406/locations/europe-southwest1/services/test-app/roles/run.invoker/allUsers",
            "location": "europe-southwest1",
            "member": "allUsers",
            "project": "inbound-descent-382406",
            "role": "roles/run.invoker",
            "service": "v1/projects/inbound-descent-382406/locations/europe-southwest1/services/test-app"
          },
          "sensitive_attributes": [],
          "private": "bnVsbA==",
          "dependencies": [
            "google_cloud_run_service.test-app-devops-challenge",
            "google_compute_global_address.private_ip_address",
            "google_compute_network.vpc_devops-challenge",
            "google_compute_subnetwork.vpc-subnet",
            "google_project_service.enable_run_api",
            "google_project_service.enable_vpcaccess-api",
            "google_service_networking_connection.private_vpc_connection",
            "google_sql_database_instance.gcp_sql_postgres",
            "google_sql_user.user",
            "module.serverless-connector.google_vpc_access_connector.connector_beta"
          ]
        }
      ]
    },
    {
      "mode": "managed",
      "type": "google_compute_global_address",
      "name": "private_ip_address",
      "provider": "provider[\"registry.terraform.io/hashicorp/google\"]",
      "instances": [
        {
          "schema_version": 0,
          "attributes": {
            "address": "10.74.0.0",
            "address_type": "INTERNAL",
            "creation_timestamp": "2023-04-03T02:33:27.967-07:00",
            "description": "",
            "id": "projects/inbound-descent-382406/global/addresses/private-ip-address-devops-challenge",
            "ip_version": "",
            "name": "private-ip-address-devops-challenge",
            "network": "https://www.googleapis.com/compute/v1/projects/inbound-descent-382406/global/networks/vpc-devops-challenge",
            "prefix_length": 16,
            "project": "inbound-descent-382406",
            "purpose": "VPC_PEERING",
            "self_link": "https://www.googleapis.com/compute/v1/projects/inbound-descent-382406/global/addresses/private-ip-address-devops-challenge",
            "timeouts": null
          },
          "sensitive_attributes": [],
          "private": "eyJlMmJmYjczMC1lY2FhLTExZTYtOGY4OC0zNDM2M2JjN2M0YzAiOnsiY3JlYXRlIjoxMjAwMDAwMDAwMDAwLCJkZWxldGUiOjEyMDAwMDAwMDAwMDB9fQ==",
          "dependencies": [
            "google_compute_network.vpc_devops-challenge"
          ]
        }
      ]
    },
    {
      "mode": "managed",
      "type": "google_compute_network",
      "name": "vpc_devops-challenge",
      "provider": "provider[\"registry.terraform.io/hashicorp/google\"]",
      "instances": [
        {
          "schema_version": 0,
          "attributes": {
            "auto_create_subnetworks": true,
            "delete_default_routes_on_create": false,
            "description": "",
            "enable_ula_internal_ipv6": false,
            "gateway_ipv4": "",
            "id": "projects/inbound-descent-382406/global/networks/vpc-devops-challenge",
            "internal_ipv6_range": "",
            "mtu": 0,
            "name": "vpc-devops-challenge",
            "project": "inbound-descent-382406",
            "routing_mode": "REGIONAL",
            "self_link": "https://www.googleapis.com/compute/v1/projects/inbound-descent-382406/global/networks/vpc-devops-challenge",
            "timeouts": null
          },
          "sensitive_attributes": [],
          "private": "eyJlMmJmYjczMC1lY2FhLTExZTYtOGY4OC0zNDM2M2JjN2M0YzAiOnsiY3JlYXRlIjoxMjAwMDAwMDAwMDAwLCJkZWxldGUiOjEyMDAwMDAwMDAwMDAsInVwZGF0ZSI6MTIwMDAwMDAwMDAwMH19"
        }
      ]
    },
    {
      "mode": "managed",
      "type": "google_compute_subnetwork",
      "name": "vpc-subnet",
      "provider": "provider[\"registry.terraform.io/hashicorp/google\"]",
      "instances": [
        {
          "schema_version": 0,
          "attributes": {
            "creation_timestamp": "2023-04-03T02:33:28.987-07:00",
            "description": "",
            "external_ipv6_prefix": "",
            "fingerprint": null,
            "gateway_address": "10.2.0.1",
            "id": "projects/inbound-descent-382406/regions/europe-southwest1/subnetworks/subnet-devops-challenge",
            "ip_cidr_range": "10.2.0.0/28",
            "ipv6_access_type": "",
            "ipv6_cidr_range": "",
            "log_config": [],
            "name": "subnet-devops-challenge",
            "network": "https://www.googleapis.com/compute/v1/projects/inbound-descent-382406/global/networks/vpc-devops-challenge",
            "private_ip_google_access": false,
            "private_ipv6_google_access": "DISABLE_GOOGLE_ACCESS",
            "project": "inbound-descent-382406",
            "purpose": "PRIVATE",
            "region": "europe-southwest1",
            "role": "",
            "secondary_ip_range": [],
            "self_link": "https://www.googleapis.com/compute/v1/projects/inbound-descent-382406/regions/europe-southwest1/subnetworks/subnet-devops-challenge",
            "stack_type": "IPV4_ONLY",
            "timeouts": null
          },
          "sensitive_attributes": [],
          "private": "eyJlMmJmYjczMC1lY2FhLTExZTYtOGY4OC0zNDM2M2JjN2M0YzAiOnsiY3JlYXRlIjoxMjAwMDAwMDAwMDAwLCJkZWxldGUiOjEyMDAwMDAwMDAwMDAsInVwZGF0ZSI6MTIwMDAwMDAwMDAwMH19",
          "dependencies": [
            "google_compute_network.vpc_devops-challenge"
          ]
        }
      ]
    },
    {
      "mode": "managed",
      "type": "google_project_service",
      "name": "enable_run_api",
      "provider": "provider[\"registry.terraform.io/hashicorp/google\"]",
      "instances": [
        {
          "schema_version": 0,
          "attributes": {
            "disable_dependent_services": null,
            "disable_on_destroy": true,
            "id": "inbound-descent-382406/run.googleapis.com",
            "project": "inbound-descent-382406",
            "service": "run.googleapis.com",
            "timeouts": null
          },
          "sensitive_attributes": [],
          "private": "eyJlMmJmYjczMC1lY2FhLTExZTYtOGY4OC0zNDM2M2JjN2M0YzAiOnsiY3JlYXRlIjoxMjAwMDAwMDAwMDAwLCJkZWxldGUiOjEyMDAwMDAwMDAwMDAsInJlYWQiOjYwMDAwMDAwMDAwMCwidXBkYXRlIjoxMjAwMDAwMDAwMDAwfX0="
        }
      ]
    },
    {
      "mode": "managed",
      "type": "google_project_service",
      "name": "enable_vpcaccess-api",
      "provider": "provider[\"registry.terraform.io/hashicorp/google\"]",
      "instances": [
        {
          "schema_version": 0,
          "attributes": {
            "disable_dependent_services": null,
            "disable_on_destroy": true,
            "id": "inbound-descent-382406/vpcaccess.googleapis.com",
            "project": "inbound-descent-382406",
            "service": "vpcaccess.googleapis.com",
            "timeouts": null
          },
          "sensitive_attributes": [],
          "private": "eyJlMmJmYjczMC1lY2FhLTExZTYtOGY4OC0zNDM2M2JjN2M0YzAiOnsiY3JlYXRlIjoxMjAwMDAwMDAwMDAwLCJkZWxldGUiOjEyMDAwMDAwMDAwMDAsInJlYWQiOjYwMDAwMDAwMDAwMCwidXBkYXRlIjoxMjAwMDAwMDAwMDAwfX0="
        }
      ]
    },
    {
      "mode": "managed",
      "type": "google_service_networking_connection",
      "name": "private_vpc_connection",
      "provider": "provider[\"registry.terraform.io/hashicorp/google\"]",
      "instances": [
        {
          "schema_version": 0,
          "attributes": {
            "id": "projects%2Finbound-descent-382406%2Fglobal%2Fnetworks%2Fvpc-devops-challenge:servicenetworking.googleapis.com",
            "network": "projects/inbound-descent-382406/global/networks/vpc-devops-challenge",
            "peering": "servicenetworking-googleapis-com",
            "reserved_peering_ranges": [
              "private-ip-address-devops-challenge"
            ],
            "service": "servicenetworking.googleapis.com",
            "timeouts": null
          },
          "sensitive_attributes": [],
          "private": "eyJlMmJmYjczMC1lY2FhLTExZTYtOGY4OC0zNDM2M2JjN2M0YzAiOnsiY3JlYXRlIjo2MDAwMDAwMDAwMDAsImRlbGV0ZSI6NjAwMDAwMDAwMDAwLCJ1cGRhdGUiOjYwMDAwMDAwMDAwMH19",
          "dependencies": [
            "google_compute_global_address.private_ip_address",
            "google_compute_network.vpc_devops-challenge"
          ]
        }
      ]
    },
    {
      "mode": "managed",
      "type": "google_sql_database_instance",
      "name": "gcp_sql_postgres",
      "provider": "provider[\"registry.terraform.io/hashicorp/google\"]",
      "instances": [
        {
          "schema_version": 0,
          "attributes": {
            "available_maintenance_versions": [],
            "clone": [],
            "connection_name": "inbound-descent-382406:europe-southwest1:postgres-db-test-app-devops-challenge",
            "database_version": "POSTGRES_13",
            "deletion_protection": false,
            "encryption_key_name": null,
            "first_ip_address": "10.74.0.3",
            "id": "postgres-db-test-app-devops-challenge",
            "instance_type": "CLOUD_SQL_INSTANCE",
            "ip_address": [
              {
                "ip_address": "10.74.0.3",
                "time_to_retire": "",
                "type": "PRIVATE"
              }
            ],
            "maintenance_version": "POSTGRES_13_7.R20220710.01_16",
            "master_instance_name": "",
            "name": "postgres-db-test-app-devops-challenge",
            "private_ip_address": "10.74.0.3",
            "project": "inbound-descent-382406",
            "public_ip_address": "",
            "region": "europe-southwest1",
            "replica_configuration": [],
            "restore_backup_context": [],
            "root_password": null,
            "self_link": "https://sqladmin.googleapis.com/sql/v1beta4/projects/inbound-descent-382406/instances/postgres-db-test-app-devops-challenge",
            "server_ca_cert": [
              {
                "cert": "-----BEGIN CERTIFICATE-----\nMIIDfzCCAmegAwIBAgIBADANBgkqhkiG9w0BAQsFADB3MS0wKwYDVQQuEyQ4ZGNm\nZGVlMC00ZTY2LTQ5NDItOGIwYS0zNThiMjU3NGRjZWUxIzAhBgNVBAMTGkdvb2ds\nZSBDbG91ZCBTUUwgU2VydmVyIENBMRQwEgYDVQQKEwtHb29nbGUsIEluYzELMAkG\nA1UEBhMCVVMwHhcNMjMwNDAzMDkzNzU0WhcNMzMwMzMxMDkzODU0WjB3MS0wKwYD\nVQQuEyQ4ZGNmZGVlMC00ZTY2LTQ5NDItOGIwYS0zNThiMjU3NGRjZWUxIzAhBgNV\nBAMTGkdvb2dsZSBDbG91ZCBTUUwgU2VydmVyIENBMRQwEgYDVQQKEwtHb29nbGUs\nIEluYzELMAkGA1UEBhMCVVMwggEiMA0GCSqGSIb3DQEBAQUAA4IBDwAwggEKAoIB\nAQCDa5J1o1LJ25RsDBch+wJOZPS6+hp0G9DiQUm2ZYCGX0n5tZ1dlumtLripXGZp\nn8VxIaCiD6xWPtUTBd2qCiLdPB6L4aHrH+MhVw3e02VbmJZDCgXFPFF5TK0p+RQI\nqDCu3PsezdBXbcCil5kdDPgrtl6ac7LZ8ebFhB51mD/6jSLkqJGxCOfQCBCBWamg\ntKFfKEf2CKdv5flGMcGx2NwNPG79Xjhkjw5WdoAhNcEKz5oFjbPTH0/k1CZaIZH9\nXNlefSGMxnPU5sSVv9ufRHSZYkBzHlSPGKLmrbdwzdE27ZLDWMMBPfwwCv5171ou\n/pxCq46KXyzSYriA3V3892pFAgMBAAGjFjAUMBIGA1UdEwEB/wQIMAYBAf8CAQAw\nDQYJKoZIhvcNAQELBQADggEBACs5C/vg+9LZuMVL8I6gbzUnjxgyjGuj4Hgocas1\nHkiO1vb9BqvnM7pRF4OxZ8SStHBTZFIZFBoLEBJnQ7RbbCrxjhCO+fQsNU0qKTym\n4NTGGRzQ6BN/bqLTjNiyt23e6penncVPMCAe5NHhUbhXOUijR9+tE8/CRwDBI0Bc\nXBX6SIJ8jnXwXrwkhp/bU0mJ3UoI7nQ5Cj5Q1UZCNIyYuYqCbTRHRJWMPIyM7Nja\nsADo51fj44RsZir5c/8AIbTnvrygjYgCw2ioU6vURgbRxVIOLaZFm6jNFCMNzx4V\nQXJLn5UXT5+l7Lyhy4kCK9oxyHOVGkjJFFxohEche6Be+Oc=\n-----END CERTIFICATE-----",
                "common_name": "C=US,O=Google\\, Inc,CN=Google Cloud SQL Server CA,dnQualifier=8dcfdee0-4e66-4942-8b0a-358b2574dcee",
                "create_time": "2023-04-03T09:37:54.443Z",
                "expiration_time": "2033-03-31T09:38:54.443Z",
                "sha1_fingerprint": "c697159a0267b4a49202d1433c2dd51d47c7d6ba"
              }
            ],
            "service_account_email_address": "p947883954002-md8x4i@gcp-sa-cloud-sql.iam.gserviceaccount.com",
            "settings": [
              {
                "activation_policy": "ALWAYS",
                "active_directory_config": [],
                "availability_type": "ZONAL",
                "backup_configuration": [
                  {
                    "backup_retention_settings": [
                      {
                        "retained_backups": 7,
                        "retention_unit": "COUNT"
                      }
                    ],
                    "binary_log_enabled": false,
                    "enabled": false,
                    "location": "",
                    "point_in_time_recovery_enabled": false,
                    "start_time": "00:00",
                    "transaction_log_retention_days": 7
                  }
                ],
                "collation": "",
                "connector_enforcement": "NOT_REQUIRED",
                "database_flags": [],
                "deletion_protection_enabled": false,
                "deny_maintenance_period": [],
                "disk_autoresize": true,
                "disk_autoresize_limit": 0,
                "disk_size": 10,
                "disk_type": "PD_SSD",
                "insights_config": [],
                "ip_configuration": [
                  {
                    "allocated_ip_range": "",
                    "authorized_networks": [],
                    "enable_private_path_for_google_cloud_services": true,
                    "ipv4_enabled": false,
                    "private_network": "projects/inbound-descent-382406/global/networks/vpc-devops-challenge",
                    "require_ssl": false
                  }
                ],
                "location_preference": [
                  {
                    "follow_gae_application": "",
                    "secondary_zone": "",
                    "zone": "europe-southwest1-b"
                  }
                ],
                "maintenance_window": [],
                "password_validation_policy": [],
                "pricing_plan": "PER_USE",
                "sql_server_audit_config": [],
                "tier": "db-f1-micro",
                "time_zone": "",
                "user_labels": {},
                "version": 1
              }
            ],
            "timeouts": null
          },
          "sensitive_attributes": [],
          "private": "eyJlMmJmYjczMC1lY2FhLTExZTYtOGY4OC0zNDM2M2JjN2M0YzAiOnsiY3JlYXRlIjoyNDAwMDAwMDAwMDAwLCJkZWxldGUiOjE4MDAwMDAwMDAwMDAsInVwZGF0ZSI6MTgwMDAwMDAwMDAwMH19",
          "dependencies": [
            "google_compute_global_address.private_ip_address",
            "google_compute_network.vpc_devops-challenge",
            "google_service_networking_connection.private_vpc_connection"
          ]
        }
      ]
    },
    {
      "mode": "managed",
      "type": "google_sql_user",
      "name": "user",
      "provider": "provider[\"registry.terraform.io/hashicorp/google\"]",
      "instances": [
        {
          "schema_version": 1,
          "attributes": {
            "deletion_policy": null,
            "host": "",
            "id": "db-test-app-user//postgres-db-test-app-devops-challenge",
            "instance": "postgres-db-test-app-devops-challenge",
            "name": "db-test-app-user",
            "password": "devopschallenge-01042023",
            "password_policy": [],
            "project": "inbound-descent-382406",
            "sql_server_user_details": [],
            "timeouts": null,
            "type": ""
          },
          "sensitive_attributes": [],
          "private": "eyJlMmJmYjczMC1lY2FhLTExZTYtOGY4OC0zNDM2M2JjN2M0YzAiOnsiY3JlYXRlIjo2MDAwMDAwMDAwMDAsImRlbGV0ZSI6NjAwMDAwMDAwMDAwLCJ1cGRhdGUiOjYwMDAwMDAwMDAwMH0sInNjaGVtYV92ZXJzaW9uIjoiMSJ9",
          "dependencies": [
            "google_compute_global_address.private_ip_address",
            "google_compute_network.vpc_devops-challenge",
            "google_service_networking_connection.private_vpc_connection",
            "google_sql_database_instance.gcp_sql_postgres"
          ]
        }
      ]
    },
    {
      "module": "module.serverless-connector",
      "mode": "managed",
      "type": "google_vpc_access_connector",
      "name": "connector_beta",
      "provider": "provider[\"registry.terraform.io/hashicorp/google-beta\"]",
      "instances": [
        {
          "index_key": "vpc-ac-devops-challenge",
          "schema_version": 0,
          "attributes": {
            "id": "projects/inbound-descent-382406/locations/europe-southwest1/connectors/vpc-ac-devops-challenge",
            "ip_cidr_range": "",
            "machine_type": "e2-micro",
            "max_instances": 3,
            "max_throughput": 300,
            "min_instances": 2,
            "min_throughput": 200,
            "name": "vpc-ac-devops-challenge",
            "network": "vpc-devops-challenge",
            "project": "inbound-descent-382406",
            "region": "europe-southwest1",
            "self_link": "projects/inbound-descent-382406/locations/europe-southwest1/connectors/vpc-ac-devops-challenge",
            "state": "READY",
            "subnet": [
              {
                "name": "subnet-devops-challenge",
                "project_id": "inbound-descent-382406"
              }
            ],
            "timeouts": null
          },
          "sensitive_attributes": [],
          "private": "eyJlMmJmYjczMC1lY2FhLTExZTYtOGY4OC0zNDM2M2JjN2M0YzAiOnsiY3JlYXRlIjoxMjAwMDAwMDAwMDAwLCJkZWxldGUiOjEyMDAwMDAwMDAwMDB9fQ==",
          "dependencies": [
            "google_compute_network.vpc_devops-challenge",
            "google_compute_subnetwork.vpc-subnet",
            "google_project_service.enable_vpcaccess-api"
          ]
        }
      ]
    }
  ],
  "check_results": null
}
