{
  "version": 4,
  "terraform_version": "1.4.4",
  "serial": 107,
  "lineage": "aee871f7-a077-320d-df08-6d29b331659a",
  "outputs": {
    "service_url": {
      "value": "https://test-app-tj5x6xifqa-no.a.run.app/health",
      "type": "string"
    }
  },
  "resources": [
    {
      "mode": "managed",
      "type": "google_cloud_run_service",
      "name": "test-app",
      "provider": "provider[\"registry.terraform.io/hashicorp/google\"]",
      "instances": [
        {
          "schema_version": 1,
          "attributes": {
            "autogenerate_revision_name": false,
            "id": "locations/europe-southwest1/namespaces/inbound-descent-382406/services/test-app",
            "location": "europe-southwest1",
            "metadata": [
              {
                "annotations": {
                  "run.googleapis.com/ingress": "all",
                  "run.googleapis.com/ingress-status": "all",
                  "run.googleapis.com/operation-id": "00af7620-b695-4a76-b1d4-6208bdac32f7",
                  "serving.knative.dev/creator": "aitor.velazquez@gmail.com",
                  "serving.knative.dev/lastModifier": "aitor.velazquez@gmail.com"
                },
                "generation": 1,
                "labels": {
                  "cloud.googleapis.com/location": "europe-southwest1"
                },
                "namespace": "inbound-descent-382406",
                "resource_version": "AAX4Sj/yhAU",
                "self_link": "/apis/serving.knative.dev/v1/namespaces/947883954002/services/test-app",
                "uid": "06ef32e5-85cb-4557-8d29-e5b071e474bd"
              }
            ],
            "name": "test-app",
            "project": "inbound-descent-382406",
            "status": [
              {
                "conditions": [
                  {
                    "message": "",
                    "reason": "",
                    "status": "True",
                    "type": "Ready"
                  },
                  {
                    "message": "",
                    "reason": "",
                    "status": "True",
                    "type": "ConfigurationsReady"
                  },
                  {
                    "message": "",
                    "reason": "",
                    "status": "True",
                    "type": "RoutesReady"
                  }
                ],
                "latest_created_revision_name": "test-app-kbmg6",
                "latest_ready_revision_name": "test-app-kbmg6",
                "observed_generation": 1,
                "url": "https://test-app-tj5x6xifqa-no.a.run.app"
              }
            ],
            "template": [
              {
                "metadata": [
                  {
                    "annotations": {
                      "autoscaling.knative.dev/maxScale": "2",
                      "run.googleapis.com/vpc-access-connector": "central-serverless",
                      "run.googleapis.com/vpc-access-egress": "all-traffic"
                    },
                    "generation": 0,
                    "labels": {},
                    "name": "",
                    "namespace": "",
                    "resource_version": "",
                    "self_link": "",
                    "uid": ""
                  }
                ],
                "spec": [
                  {
                    "container_concurrency": 80,
                    "containers": [
                      {
                        "args": [],
                        "command": [],
                        "env": [
                          {
                            "name": "POSTGRESQL_HOST",
                            "value": "10.1.0.3",
                            "value_from": []
                          },
                          {
                            "name": "POSTGRESQL_PASSWORD",
                            "value": "devopschallenge-01042023",
                            "value_from": []
                          },
                          {
                            "name": "POSTGRESQL_USER",
                            "value": "db-test-app-user",
                            "value_from": []
                          }
                        ],
                        "env_from": [],
                        "image": "us-central1-docker.pkg.dev/inbound-descent-382406/devops-challenge/test-app:1.0",
                        "ports": [
                          {
                            "container_port": 8080,
                            "name": "http1",
                            "protocol": ""
                          }
                        ],
                        "resources": [
                          {
                            "limits": {
                              "cpu": "1000m",
                              "memory": "512Mi"
                            },
                            "requests": {}
                          }
                        ],
                        "volume_mounts": [],
                        "working_dir": ""
                      }
                    ],
                    "service_account_name": "947883954002-compute@developer.gserviceaccount.com",
                    "serving_state": "",
                    "timeout_seconds": 300,
                    "volumes": []
                  }
                ]
              }
            ],
            "timeouts": null,
            "traffic": [
              {
                "latest_revision": true,
                "percent": 100,
                "revision_name": "",
                "tag": "",
                "url": ""
              }
            ]
          },
          "sensitive_attributes": [
            [
              {
                "type": "get_attr",
                "value": "template"
              },
              {
                "type": "index",
                "value": {
                  "value": 0,
                  "type": "number"
                }
              },
              {
                "type": "get_attr",
                "value": "spec"
              },
              {
                "type": "index",
                "value": {
                  "value": 0,
                  "type": "number"
                }
              },
              {
                "type": "get_attr",
                "value": "containers"
              },
              {
                "type": "index",
                "value": {
                  "value": 0,
                  "type": "number"
                }
              },
              {
                "type": "get_attr",
                "value": "env"
              }
            ]
          ],
          "private": "eyJlMmJmYjczMC1lY2FhLTExZTYtOGY4OC0zNDM2M2JjN2M0YzAiOnsiY3JlYXRlIjoxMjAwMDAwMDAwMDAwLCJkZWxldGUiOjEyMDAwMDAwMDAwMDAsInVwZGF0ZSI6MTIwMDAwMDAwMDAwMH0sInNjaGVtYV92ZXJzaW9uIjoiMSJ9",
          "dependencies": [
            "google_compute_global_address.private_ip_address",
            "google_compute_network.private_network",
            "google_compute_subnetwork.vpc-subnet",
            "google_project_service.run_api",
            "google_project_service.vpcaccess-api",
            "google_service_networking_connection.private_vpc_connection",
            "google_sql_database_instance.gcp_sql_postgres",
            "google_sql_user.user",
            "module.serverless-connector.google_vpc_access_connector.connector_beta"
          ]
        }
      ]
    },
    {
      "mode": "managed",
      "type": "google_cloud_run_service_iam_member",
      "name": "run_all_users",
      "provider": "provider[\"registry.terraform.io/hashicorp/google\"]",
      "instances": [
        {
          "schema_version": 0,
          "attributes": {
            "condition": [],
            "etag": "BwX4SkA+P/A=",
            "id": "v1/projects/inbound-descent-382406/locations/europe-southwest1/services/test-app/roles/run.invoker/allUsers",
            "location": "europe-southwest1",
            "member": "allUsers",
            "project": "inbound-descent-382406",
            "role": "roles/run.invoker",
            "service": "v1/projects/inbound-descent-382406/locations/europe-southwest1/services/test-app"
          },
          "sensitive_attributes": [],
          "private": "bnVsbA==",
          "dependencies": [
            "google_cloud_run_service.test-app",
            "google_compute_global_address.private_ip_address",
            "google_compute_network.private_network",
            "google_compute_subnetwork.vpc-subnet",
            "google_project_service.run_api",
            "google_project_service.vpcaccess-api",
            "google_service_networking_connection.private_vpc_connection",
            "google_sql_database_instance.gcp_sql_postgres",
            "google_sql_user.user",
            "module.serverless-connector.google_vpc_access_connector.connector_beta"
          ]
        }
      ]
    },
    {
      "mode": "managed",
      "type": "google_compute_global_address",
      "name": "private_ip_address",
      "provider": "provider[\"registry.terraform.io/hashicorp/google-beta\"]",
      "instances": [
        {
          "schema_version": 0,
          "attributes": {
            "address": "10.94.0.0",
            "address_type": "INTERNAL",
            "creation_timestamp": "2023-04-01T10:01:59.270-07:00",
            "description": "",
            "id": "projects/inbound-descent-382406/global/addresses/private-ip-address",
            "ip_version": "",
            "label_fingerprint": "42WmSpB8rSM=",
            "labels": {},
            "name": "private-ip-address",
            "network": "https://www.googleapis.com/compute/v1/projects/inbound-descent-382406/global/networks/private-network",
            "prefix_length": 16,
            "project": "inbound-descent-382406",
            "purpose": "VPC_PEERING",
            "self_link": "https://www.googleapis.com/compute/v1/projects/inbound-descent-382406/global/addresses/private-ip-address",
            "timeouts": null
          },
          "sensitive_attributes": [],
          "private": "eyJlMmJmYjczMC1lY2FhLTExZTYtOGY4OC0zNDM2M2JjN2M0YzAiOnsiY3JlYXRlIjoxMjAwMDAwMDAwMDAwLCJkZWxldGUiOjEyMDAwMDAwMDAwMDAsInVwZGF0ZSI6MTIwMDAwMDAwMDAwMH19",
          "dependencies": [
            "google_compute_network.private_network"
          ]
        }
      ]
    },
    {
      "mode": "managed",
      "type": "google_compute_network",
      "name": "private_network",
      "provider": "provider[\"registry.terraform.io/hashicorp/google-beta\"]",
      "instances": [
        {
          "schema_version": 0,
          "attributes": {
            "auto_create_subnetworks": true,
            "delete_default_routes_on_create": false,
            "description": "",
            "enable_ula_internal_ipv6": false,
            "gateway_ipv4": "",
            "id": "projects/inbound-descent-382406/global/networks/private-network",
            "internal_ipv6_range": "",
            "mtu": 0,
            "name": "private-network",
            "project": "inbound-descent-382406",
            "routing_mode": "REGIONAL",
            "self_link": "https://www.googleapis.com/compute/v1/projects/inbound-descent-382406/global/networks/private-network",
            "timeouts": null
          },
          "sensitive_attributes": [],
          "private": "eyJlMmJmYjczMC1lY2FhLTExZTYtOGY4OC0zNDM2M2JjN2M0YzAiOnsiY3JlYXRlIjoxMjAwMDAwMDAwMDAwLCJkZWxldGUiOjEyMDAwMDAwMDAwMDAsInVwZGF0ZSI6MTIwMDAwMDAwMDAwMH19"
        }
      ]
    },
    {
      "mode": "managed",
      "type": "google_compute_subnetwork",
      "name": "vpc-subnet",
      "provider": "provider[\"registry.terraform.io/hashicorp/google\"]",
      "instances": [
        {
          "schema_version": 0,
          "attributes": {
            "creation_timestamp": "2023-04-01T11:09:14.360-07:00",
            "description": "",
            "external_ipv6_prefix": "",
            "fingerprint": null,
            "gateway_address": "10.2.0.1",
            "id": "projects/inbound-descent-382406/regions/europe-southwest1/subnetworks/devops-challenge-subnet",
            "ip_cidr_range": "10.2.0.0/28",
            "ipv6_access_type": "",
            "ipv6_cidr_range": "",
            "log_config": [],
            "name": "devops-challenge-subnet",
            "network": "https://www.googleapis.com/compute/v1/projects/inbound-descent-382406/global/networks/private-network",
            "private_ip_google_access": false,
            "private_ipv6_google_access": "DISABLE_GOOGLE_ACCESS",
            "project": "inbound-descent-382406",
            "purpose": "PRIVATE",
            "region": "europe-southwest1",
            "role": "",
            "secondary_ip_range": [],
            "self_link": "https://www.googleapis.com/compute/v1/projects/inbound-descent-382406/regions/europe-southwest1/subnetworks/devops-challenge-subnet",
            "stack_type": "IPV4_ONLY",
            "timeouts": null
          },
          "sensitive_attributes": [],
          "private": "eyJlMmJmYjczMC1lY2FhLTExZTYtOGY4OC0zNDM2M2JjN2M0YzAiOnsiY3JlYXRlIjoxMjAwMDAwMDAwMDAwLCJkZWxldGUiOjEyMDAwMDAwMDAwMDAsInVwZGF0ZSI6MTIwMDAwMDAwMDAwMH19",
          "dependencies": [
            "google_compute_network.private_network"
          ]
        }
      ]
    },
    {
      "mode": "managed",
      "type": "google_project_service",
      "name": "run_api",
      "provider": "provider[\"registry.terraform.io/hashicorp/google\"]",
      "instances": [
        {
          "schema_version": 0,
          "attributes": {
            "disable_dependent_services": null,
            "disable_on_destroy": true,
            "id": "inbound-descent-382406/run.googleapis.com",
            "project": "inbound-descent-382406",
            "service": "run.googleapis.com",
            "timeouts": null
          },
          "sensitive_attributes": [],
          "private": "eyJlMmJmYjczMC1lY2FhLTExZTYtOGY4OC0zNDM2M2JjN2M0YzAiOnsiY3JlYXRlIjoxMjAwMDAwMDAwMDAwLCJkZWxldGUiOjEyMDAwMDAwMDAwMDAsInJlYWQiOjYwMDAwMDAwMDAwMCwidXBkYXRlIjoxMjAwMDAwMDAwMDAwfX0="
        }
      ]
    },
    {
      "mode": "managed",
      "type": "google_project_service",
      "name": "vpcaccess-api",
      "provider": "provider[\"registry.terraform.io/hashicorp/google\"]",
      "instances": [
        {
          "schema_version": 0,
          "attributes": {
            "disable_dependent_services": null,
            "disable_on_destroy": true,
            "id": "inbound-descent-382406/vpcaccess.googleapis.com",
            "project": "inbound-descent-382406",
            "service": "vpcaccess.googleapis.com",
            "timeouts": null
          },
          "sensitive_attributes": [],
          "private": "eyJlMmJmYjczMC1lY2FhLTExZTYtOGY4OC0zNDM2M2JjN2M0YzAiOnsiY3JlYXRlIjoxMjAwMDAwMDAwMDAwLCJkZWxldGUiOjEyMDAwMDAwMDAwMDAsInJlYWQiOjYwMDAwMDAwMDAwMCwidXBkYXRlIjoxMjAwMDAwMDAwMDAwfX0="
        }
      ]
    },
    {
      "mode": "managed",
      "type": "google_service_networking_connection",
      "name": "private_vpc_connection",
      "provider": "provider[\"registry.terraform.io/hashicorp/google-beta\"]",
      "instances": [
        {
          "schema_version": 0,
          "attributes": {
            "id": "projects%2Finbound-descent-382406%2Fglobal%2Fnetworks%2Fprivate-network:servicenetworking.googleapis.com",
            "network": "projects/inbound-descent-382406/global/networks/private-network",
            "peering": "servicenetworking-googleapis-com",
            "reserved_peering_ranges": [
              "private-ip-address"
            ],
            "service": "servicenetworking.googleapis.com",
            "timeouts": null
          },
          "sensitive_attributes": [],
          "private": "eyJlMmJmYjczMC1lY2FhLTExZTYtOGY4OC0zNDM2M2JjN2M0YzAiOnsiY3JlYXRlIjo2MDAwMDAwMDAwMDAsImRlbGV0ZSI6NjAwMDAwMDAwMDAwLCJ1cGRhdGUiOjYwMDAwMDAwMDAwMH19",
          "dependencies": [
            "google_compute_global_address.private_ip_address",
            "google_compute_network.private_network"
          ]
        }
      ]
    },
    {
      "mode": "managed",
      "type": "google_sql_database_instance",
      "name": "gcp_sql_postgres",
      "provider": "provider[\"registry.terraform.io/hashicorp/google-beta\"]",
      "instances": [
        {
          "schema_version": 0,
          "attributes": {
            "available_maintenance_versions": [],
            "clone": [],
            "connection_name": "inbound-descent-382406:europe-southwest1:postgres-db-test-app",
            "database_version": "POSTGRES_13",
            "deletion_protection": false,
            "encryption_key_name": null,
            "first_ip_address": "10.1.0.3",
            "id": "postgres-db-test-app",
            "instance_type": "CLOUD_SQL_INSTANCE",
            "ip_address": [
              {
                "ip_address": "10.1.0.3",
                "time_to_retire": "",
                "type": "PRIVATE"
              }
            ],
            "maintenance_version": "POSTGRES_13_7.R20220710.01_16",
            "master_instance_name": "",
            "name": "postgres-db-test-app",
            "private_ip_address": "10.1.0.3",
            "project": "inbound-descent-382406",
            "public_ip_address": "",
            "region": "europe-southwest1",
            "replica_configuration": [],
            "restore_backup_context": [],
            "root_password": null,
            "self_link": "https://sqladmin.googleapis.com/sql/v1beta4/projects/inbound-descent-382406/instances/postgres-db-test-app",
            "server_ca_cert": [
              {
                "cert": "-----BEGIN CERTIFICATE-----\nMIIDfzCCAmegAwIBAgIBADANBgkqhkiG9w0BAQsFADB3MS0wKwYDVQQuEyQ2YTJl\nYzEwOC0yZDc5LTQ5MWMtOWEzNS1lOWM1NmQxYWE5MWIxIzAhBgNVBAMTGkdvb2ds\nZSBDbG91ZCBTUUwgU2VydmVyIENBMRQwEgYDVQQKEwtHb29nbGUsIEluYzELMAkG\nA1UEBhMCVVMwHhcNMjMwNDAxMTYzOTM2WhcNMzMwMzI5MTY0MDM2WjB3MS0wKwYD\nVQQuEyQ2YTJlYzEwOC0yZDc5LTQ5MWMtOWEzNS1lOWM1NmQxYWE5MWIxIzAhBgNV\nBAMTGkdvb2dsZSBDbG91ZCBTUUwgU2VydmVyIENBMRQwEgYDVQQKEwtHb29nbGUs\nIEluYzELMAkGA1UEBhMCVVMwggEiMA0GCSqGSIb3DQEBAQUAA4IBDwAwggEKAoIB\nAQCnVfuflAF5FJ9Vmufur8I0EzHnAqfj+XSkLVXDaXPhTprui9NMQ0bp6mc4Vslv\niCDa1TQGx3uvo2T/u+zxI9qxN5t93wDgN+U++6aEpg9ENUQ9JEHiQfor3JdcNAQa\n4FeEHPvGSZcAPRI9sWwIyczuIjHvV2Ko9REgQ6svASEVnW3JNUprZK4OKBWVZmuY\nfu9ExraC/wnnyfyQbuF+C8uNJRRPAhQR44V/ib1sI8QezFvkH8kqwcLD5ZxwxjyW\nZeUmj9fXO5fRn9GyZ3vPp8/AOUkAp/BHxlEy3a9ZGVQqO4AHG9fsLRxwVBAEZJDy\nz9bD9INu75NbbtlrUL0CZALFAgMBAAGjFjAUMBIGA1UdEwEB/wQIMAYBAf8CAQAw\nDQYJKoZIhvcNAQELBQADggEBAEknzX17q/UJtHv2LVGrsPeZ7BT8sROGPaEo/PnT\niagEs8oY8oEH9US9y8bp7Q672OfvRQ/bovYF7uRrzqGZCfUnly8ndPbMlSofioyH\naBtVb1GQLAQ0bXkKNLMmQDTBUSTG2Ux3ORyq8MjoCEMQdINIiqm5+yGtoTIsmgEx\nr7e+ldLZwsP2fchwMV17VA/ikrOD2c/8m1sOFzvg0MTCXxirPweLKBQ3PCZ1bHV9\nvsLSwe7GKx4/8EIn3XBtT8J5nkQ+GUoctLxk2DgLof9cNwDJsGKGwAZLWo1oRS51\nD2dRsQIBeBu0UrWWLIU9tU5HnpJSNgmhgFhSp1LViKUJ+lU=\n-----END CERTIFICATE-----",
                "common_name": "C=US,O=Google\\, Inc,CN=Google Cloud SQL Server CA,dnQualifier=6a2ec108-2d79-491c-9a35-e9c56d1aa91b",
                "create_time": "2023-04-01T16:39:36.376Z",
                "expiration_time": "2033-03-29T16:40:36.376Z",
                "sha1_fingerprint": "4078ca197c0597254a7160f8c6bd21dbaf727b10"
              }
            ],
            "service_account_email_address": "p947883954002-ofm48p@gcp-sa-cloud-sql.iam.gserviceaccount.com",
            "settings": [
              {
                "activation_policy": "ALWAYS",
                "active_directory_config": [],
                "availability_type": "ZONAL",
                "backup_configuration": [
                  {
                    "backup_retention_settings": [
                      {
                        "retained_backups": 7,
                        "retention_unit": "COUNT"
                      }
                    ],
                    "binary_log_enabled": false,
                    "enabled": false,
                    "location": "",
                    "point_in_time_recovery_enabled": false,
                    "start_time": "18:00",
                    "transaction_log_retention_days": 7
                  }
                ],
                "collation": "",
                "connector_enforcement": "NOT_REQUIRED",
                "database_flags": [],
                "deletion_protection_enabled": false,
                "deny_maintenance_period": [],
                "disk_autoresize": true,
                "disk_autoresize_limit": 0,
                "disk_size": 10,
                "disk_type": "PD_SSD",
                "insights_config": [],
                "ip_configuration": [
                  {
                    "allocated_ip_range": "",
                    "authorized_networks": [],
                    "enable_private_path_for_google_cloud_services": true,
                    "ipv4_enabled": false,
                    "private_network": "projects/inbound-descent-382406/global/networks/private-network",
                    "require_ssl": false
                  }
                ],
                "location_preference": [
                  {
                    "follow_gae_application": "",
                    "secondary_zone": "",
                    "zone": "europe-southwest1-b"
                  }
                ],
                "maintenance_window": [],
                "password_validation_policy": [],
                "pricing_plan": "PER_USE",
                "sql_server_audit_config": [],
                "tier": "db-f1-micro",
                "time_zone": "",
                "user_labels": {},
                "version": 1
              }
            ],
            "timeouts": null
          },
          "sensitive_attributes": [],
          "private": "eyJlMmJmYjczMC1lY2FhLTExZTYtOGY4OC0zNDM2M2JjN2M0YzAiOnsiY3JlYXRlIjoyNDAwMDAwMDAwMDAwLCJkZWxldGUiOjE4MDAwMDAwMDAwMDAsInVwZGF0ZSI6MTgwMDAwMDAwMDAwMH19",
          "dependencies": [
            "google_compute_global_address.private_ip_address",
            "google_compute_network.private_network",
            "google_service_networking_connection.private_vpc_connection"
          ]
        }
      ]
    },
    {
      "mode": "managed",
      "type": "google_sql_user",
      "name": "user",
      "provider": "provider[\"registry.terraform.io/hashicorp/google\"]",
      "instances": [
        {
          "schema_version": 1,
          "attributes": {
            "deletion_policy": null,
            "host": "",
            "id": "db-test-app-user//postgres-db-test-app",
            "instance": "postgres-db-test-app",
            "name": "db-test-app-user",
            "password": "devopschallenge-01042023",
            "password_policy": [],
            "project": "inbound-descent-382406",
            "sql_server_user_details": [],
            "timeouts": null,
            "type": ""
          },
          "sensitive_attributes": [],
          "private": "eyJlMmJmYjczMC1lY2FhLTExZTYtOGY4OC0zNDM2M2JjN2M0YzAiOnsiY3JlYXRlIjo2MDAwMDAwMDAwMDAsImRlbGV0ZSI6NjAwMDAwMDAwMDAwLCJ1cGRhdGUiOjYwMDAwMDAwMDAwMH0sInNjaGVtYV92ZXJzaW9uIjoiMSJ9",
          "dependencies": [
            "google_compute_global_address.private_ip_address",
            "google_compute_network.private_network",
            "google_service_networking_connection.private_vpc_connection",
            "google_sql_database_instance.gcp_sql_postgres"
          ]
        }
      ]
    },
    {
      "module": "module.serverless-connector",
      "mode": "managed",
      "type": "google_vpc_access_connector",
      "name": "connector_beta",
      "provider": "provider[\"registry.terraform.io/hashicorp/google-beta\"]",
      "instances": [
        {
          "index_key": "central-serverless",
          "schema_version": 0,
          "attributes": {
            "id": "projects/inbound-descent-382406/locations/europe-southwest1/connectors/central-serverless",
            "ip_cidr_range": "",
            "machine_type": "e2-micro",
            "max_instances": 3,
            "max_throughput": 300,
            "min_instances": 2,
            "min_throughput": 200,
            "name": "central-serverless",
            "network": "private-network",
            "project": "inbound-descent-382406",
            "region": "europe-southwest1",
            "self_link": "projects/inbound-descent-382406/locations/europe-southwest1/connectors/central-serverless",
            "state": "READY",
            "subnet": [
              {
                "name": "devops-challenge-subnet",
                "project_id": "inbound-descent-382406"
              }
            ],
            "timeouts": null
          },
          "sensitive_attributes": [],
          "private": "eyJlMmJmYjczMC1lY2FhLTExZTYtOGY4OC0zNDM2M2JjN2M0YzAiOnsiY3JlYXRlIjoxMjAwMDAwMDAwMDAwLCJkZWxldGUiOjEyMDAwMDAwMDAwMDB9fQ==",
          "dependencies": [
            "google_compute_network.private_network",
            "google_compute_subnetwork.vpc-subnet",
            "google_project_service.vpcaccess-api"
          ]
        }
      ]
    }
  ],
  "check_results": null
}
